// !$*UTF8*$!
{
	archiveVersion = 1;
	classes = {
	};
	objectVersion = 50;
	objects = {

/* Begin PBXBuildFile section */
		12CFCBD6981841B7A2FA25A5 /* Pods_Cal_Now.framework in Frameworks */ = {isa = PBXBuildFile; fileRef = DE4937BBCDE123210F2186F0 /* Pods_Cal_Now.framework */; };
		9E070447226942B000594FE5 /* MainCalendarViewController.swift in Sources */ = {isa = PBXBuildFile; fileRef = 9E070446226942B000594FE5 /* MainCalendarViewController.swift */; };
		9E07044B2269446300594FE5 /* AboutPageViewController.swift in Sources */ = {isa = PBXBuildFile; fileRef = 9E07044A2269446300594FE5 /* AboutPageViewController.swift */; };
		9E9CE432226FE55300E3CE37 /* PersonViewController.swift in Sources */ = {isa = PBXBuildFile; fileRef = 9E9CE431226FE55300E3CE37 /* PersonViewController.swift */; };
		9ED6DDA82272604000986303 /* FilterViewController.swift in Sources */ = {isa = PBXBuildFile; fileRef = 9ED6DDA72272604000986303 /* FilterViewController.swift */; };
		D9E53C5222604BF900795B7B /* AppDelegate.swift in Sources */ = {isa = PBXBuildFile; fileRef = D9E53C5122604BF900795B7B /* AppDelegate.swift */; };
		D9E53C5722604BF900795B7B /* Main.storyboard in Resources */ = {isa = PBXBuildFile; fileRef = D9E53C5522604BF900795B7B /* Main.storyboard */; };
		D9E53C5A22604BF900795B7B /* Cal_Now.xcdatamodeld in Sources */ = {isa = PBXBuildFile; fileRef = D9E53C5822604BF900795B7B /* Cal_Now.xcdatamodeld */; };
		D9E53C5C22604BFA00795B7B /* Assets.xcassets in Resources */ = {isa = PBXBuildFile; fileRef = D9E53C5B22604BFA00795B7B /* Assets.xcassets */; };
		D9E53C5F22604BFA00795B7B /* LaunchScreen.storyboard in Resources */ = {isa = PBXBuildFile; fileRef = D9E53C5D22604BFA00795B7B /* LaunchScreen.storyboard */; };
		D9E53C6A22604E1900795B7B /* WebCollector.swift in Sources */ = {isa = PBXBuildFile; fileRef = D9E53C6722604E1900795B7B /* WebCollector.swift */; };
		D9E53C6B22604E1900795B7B /* Event.swift in Sources */ = {isa = PBXBuildFile; fileRef = D9E53C6822604E1900795B7B /* Event.swift */; };
		D9E53C6C22604E1900795B7B /* Events.swift in Sources */ = {isa = PBXBuildFile; fileRef = D9E53C6922604E1900795B7B /* Events.swift */; };
/* End PBXBuildFile section */

/* Begin PBXFileReference section */
		3B7D2FC541A12404A200779A /* Pods-Cal Now.release.xcconfig */ = {isa = PBXFileReference; includeInIndex = 1; lastKnownFileType = text.xcconfig; name = "Pods-Cal Now.release.xcconfig"; path = "Pods/Target Support Files/Pods-Cal Now/Pods-Cal Now.release.xcconfig"; sourceTree = "<group>"; };
		75356C9736EAA64AEAB82964 /* Pods-Cal Now.debug.xcconfig */ = {isa = PBXFileReference; includeInIndex = 1; lastKnownFileType = text.xcconfig; name = "Pods-Cal Now.debug.xcconfig"; path = "Pods/Target Support Files/Pods-Cal Now/Pods-Cal Now.debug.xcconfig"; sourceTree = "<group>"; };
		9E070446226942B000594FE5 /* MainCalendarViewController.swift */ = {isa = PBXFileReference; lastKnownFileType = sourcecode.swift; path = MainCalendarViewController.swift; sourceTree = "<group>"; };
		9E07044A2269446300594FE5 /* AboutPageViewController.swift */ = {isa = PBXFileReference; lastKnownFileType = sourcecode.swift; path = AboutPageViewController.swift; sourceTree = "<group>"; };
		9E9CE431226FE55300E3CE37 /* PersonViewController.swift */ = {isa = PBXFileReference; lastKnownFileType = sourcecode.swift; path = PersonViewController.swift; sourceTree = "<group>"; };
		9ED6DDA72272604000986303 /* FilterViewController.swift */ = {isa = PBXFileReference; lastKnownFileType = sourcecode.swift; path = FilterViewController.swift; sourceTree = "<group>"; };
		D9E53C4E22604BF900795B7B /* Cal Now.app */ = {isa = PBXFileReference; explicitFileType = wrapper.application; includeInIndex = 0; path = "Cal Now.app"; sourceTree = BUILT_PRODUCTS_DIR; };
		D9E53C5122604BF900795B7B /* AppDelegate.swift */ = {isa = PBXFileReference; lastKnownFileType = sourcecode.swift; path = AppDelegate.swift; sourceTree = "<group>"; };
		D9E53C5622604BF900795B7B /* Base */ = {isa = PBXFileReference; lastKnownFileType = file.storyboard; name = Base; path = Base.lproj/Main.storyboard; sourceTree = "<group>"; };
		D9E53C5922604BF900795B7B /* Cal_Now.xcdatamodel */ = {isa = PBXFileReference; lastKnownFileType = wrapper.xcdatamodel; path = Cal_Now.xcdatamodel; sourceTree = "<group>"; };
		D9E53C5B22604BFA00795B7B /* Assets.xcassets */ = {isa = PBXFileReference; lastKnownFileType = folder.assetcatalog; path = Assets.xcassets; sourceTree = "<group>"; };
		D9E53C5E22604BFA00795B7B /* Base */ = {isa = PBXFileReference; lastKnownFileType = file.storyboard; name = Base; path = Base.lproj/LaunchScreen.storyboard; sourceTree = "<group>"; };
		D9E53C6022604BFA00795B7B /* Info.plist */ = {isa = PBXFileReference; lastKnownFileType = text.plist.xml; path = Info.plist; sourceTree = "<group>"; };
		D9E53C6722604E1900795B7B /* WebCollector.swift */ = {isa = PBXFileReference; fileEncoding = 4; lastKnownFileType = sourcecode.swift; path = WebCollector.swift; sourceTree = "<group>"; };
		D9E53C6822604E1900795B7B /* Event.swift */ = {isa = PBXFileReference; fileEncoding = 4; lastKnownFileType = sourcecode.swift; path = Event.swift; sourceTree = "<group>"; };
		D9E53C6922604E1900795B7B /* Events.swift */ = {isa = PBXFileReference; fileEncoding = 4; lastKnownFileType = sourcecode.swift; path = Events.swift; sourceTree = "<group>"; };
		DE4937BBCDE123210F2186F0 /* Pods_Cal_Now.framework */ = {isa = PBXFileReference; explicitFileType = wrapper.framework; includeInIndex = 0; path = Pods_Cal_Now.framework; sourceTree = BUILT_PRODUCTS_DIR; };
/* End PBXFileReference section */

/* Begin PBXFrameworksBuildPhase section */
		D9E53C4B22604BF900795B7B /* Frameworks */ = {
			isa = PBXFrameworksBuildPhase;
			buildActionMask = 2147483647;
			files = (
				12CFCBD6981841B7A2FA25A5 /* Pods_Cal_Now.framework in Frameworks */,
			);
			runOnlyForDeploymentPostprocessing = 0;
		};
/* End PBXFrameworksBuildPhase section */

/* Begin PBXGroup section */
		448F621B08DC9CF995FDBF16 /* Frameworks */ = {
			isa = PBXGroup;
			children = (
				DE4937BBCDE123210F2186F0 /* Pods_Cal_Now.framework */,
			);
			name = Frameworks;
			sourceTree = "<group>";
		};
		D9E53C4522604BF900795B7B = {
			isa = PBXGroup;
			children = (
				D9E53C5022604BF900795B7B /* Cal Now */,
				D9E53C4F22604BF900795B7B /* Products */,
				E6A4CBEB3E8734EDF08E79A6 /* Pods */,
				448F621B08DC9CF995FDBF16 /* Frameworks */,
			);
			sourceTree = "<group>";
		};
		D9E53C4F22604BF900795B7B /* Products */ = {
			isa = PBXGroup;
			children = (
				D9E53C4E22604BF900795B7B /* Cal Now.app */,
			);
			name = Products;
			sourceTree = "<group>";
		};
		D9E53C5022604BF900795B7B /* Cal Now */ = {
			isa = PBXGroup;
			children = (
				D9E53C6622604E0E00795B7B /* Model */,
				D9E53C6D22604E2700795B7B /* View */,
				D9E53C6E22604E3200795B7B /* Controller */,
				D9E53C5B22604BFA00795B7B /* Assets.xcassets */,
				D9E53C5122604BF900795B7B /* AppDelegate.swift */,
				D9E53C6022604BFA00795B7B /* Info.plist */,
				D9E53C5822604BF900795B7B /* Cal_Now.xcdatamodeld */,
			);
			path = "Cal Now";
			sourceTree = "<group>";
		};
		D9E53C6622604E0E00795B7B /* Model */ = {
			isa = PBXGroup;
			children = (
				D9E53C6722604E1900795B7B /* WebCollector.swift */,
				D9E53C6822604E1900795B7B /* Event.swift */,
				D9E53C6922604E1900795B7B /* Events.swift */,
			);
			path = Model;
			sourceTree = "<group>";
		};
		D9E53C6D22604E2700795B7B /* View */ = {
			isa = PBXGroup;
			children = (
				D9E53C5522604BF900795B7B /* Main.storyboard */,
				D9E53C5D22604BFA00795B7B /* LaunchScreen.storyboard */,
			);
			path = View;
			sourceTree = "<group>";
		};
		D9E53C6E22604E3200795B7B /* Controller */ = {
			isa = PBXGroup;
			children = (
				9ED6DDA72272604000986303 /* FilterViewController.swift */,
				9E9CE431226FE55300E3CE37 /* PersonViewController.swift */,
				9E07044A2269446300594FE5 /* AboutPageViewController.swift */,
				9E070446226942B000594FE5 /* MainCalendarViewController.swift */,
			);
			path = Controller;
			sourceTree = "<group>";
		};
		E6A4CBEB3E8734EDF08E79A6 /* Pods */ = {
			isa = PBXGroup;
			children = (
				75356C9736EAA64AEAB82964 /* Pods-Cal Now.debug.xcconfig */,
				3B7D2FC541A12404A200779A /* Pods-Cal Now.release.xcconfig */,
			);
			name = Pods;
			sourceTree = "<group>";
		};
/* End PBXGroup section */

/* Begin PBXNativeTarget section */
		D9E53C4D22604BF900795B7B /* Cal Now */ = {
			isa = PBXNativeTarget;
			buildConfigurationList = D9E53C6322604BFA00795B7B /* Build configuration list for PBXNativeTarget "Cal Now" */;
			buildPhases = (
				294314381900FA237D4A66AD /* [CP] Check Pods Manifest.lock */,
				D9E53C4A22604BF900795B7B /* Sources */,
				D9E53C4B22604BF900795B7B /* Frameworks */,
				D9E53C4C22604BF900795B7B /* Resources */,
			);
			buildRules = (
			);
			dependencies = (
			);
			name = "Cal Now";
			productName = "Cal Now";
			productReference = D9E53C4E22604BF900795B7B /* Cal Now.app */;
			productType = "com.apple.product-type.application";
		};
/* End PBXNativeTarget section */

/* Begin PBXProject section */
		D9E53C4622604BF900795B7B /* Project object */ = {
			isa = PBXProject;
			attributes = {
				LastSwiftUpdateCheck = 1020;
				LastUpgradeCheck = 1020;
				ORGANIZATIONNAME = DarkeFisher;
				TargetAttributes = {
					D9E53C4D22604BF900795B7B = {
						CreatedOnToolsVersion = 10.2;
					};
				};
			};
			buildConfigurationList = D9E53C4922604BF900795B7B /* Build configuration list for PBXProject "Cal Now" */;
			compatibilityVersion = "Xcode 9.3";
			developmentRegion = en;
			hasScannedForEncodings = 0;
			knownRegions = (
				en,
				Base,
			);
			mainGroup = D9E53C4522604BF900795B7B;
			productRefGroup = D9E53C4F22604BF900795B7B /* Products */;
			projectDirPath = "";
			projectRoot = "";
			targets = (
				D9E53C4D22604BF900795B7B /* Cal Now */,
			);
		};
/* End PBXProject section */

/* Begin PBXResourcesBuildPhase section */
		D9E53C4C22604BF900795B7B /* Resources */ = {
			isa = PBXResourcesBuildPhase;
			buildActionMask = 2147483647;
			files = (
				D9E53C5F22604BFA00795B7B /* LaunchScreen.storyboard in Resources */,
				D9E53C5C22604BFA00795B7B /* Assets.xcassets in Resources */,
				D9E53C5722604BF900795B7B /* Main.storyboard in Resources */,
			);
			runOnlyForDeploymentPostprocessing = 0;
		};
/* End PBXResourcesBuildPhase section */

/* Begin PBXShellScriptBuildPhase section */
		294314381900FA237D4A66AD /* [CP] Check Pods Manifest.lock */ = {
			isa = PBXShellScriptBuildPhase;
			buildActionMask = 2147483647;
			files = (
			);
			inputFileListPaths = (
			);
			inputPaths = (
				"${PODS_PODFILE_DIR_PATH}/Podfile.lock",
				"${PODS_ROOT}/Manifest.lock",
			);
			name = "[CP] Check Pods Manifest.lock";
			outputFileListPaths = (
			);
			outputPaths = (
				"$(DERIVED_FILE_DIR)/Pods-Cal Now-checkManifestLockResult.txt",
			);
			runOnlyForDeploymentPostprocessing = 0;
			shellPath = /bin/sh;
			shellScript = "diff \"${PODS_PODFILE_DIR_PATH}/Podfile.lock\" \"${PODS_ROOT}/Manifest.lock\" > /dev/null\nif [ $? != 0 ] ; then\n    # print error to STDERR\n    echo \"error: The sandbox is not in sync with the Podfile.lock. Run 'pod install' or update your CocoaPods installation.\" >&2\n    exit 1\nfi\n# This output is used by Xcode 'outputs' to avoid re-running this script phase.\necho \"SUCCESS\" > \"${SCRIPT_OUTPUT_FILE_0}\"\n";
			showEnvVarsInLog = 0;
		};
/* End PBXShellScriptBuildPhase section */

/* Begin PBXSourcesBuildPhase section */
		D9E53C4A22604BF900795B7B /* Sources */ = {
			isa = PBXSourcesBuildPhase;
			buildActionMask = 2147483647;
			files = (
				D9E53C6C22604E1900795B7B /* Events.swift in Sources */,
				D9E53C5A22604BF900795B7B /* Cal_Now.xcdatamodeld in Sources */,
				D9E53C5222604BF900795B7B /* AppDelegate.swift in Sources */,
				9ED6DDA82272604000986303 /* FilterViewController.swift in Sources */,
				9E9CE432226FE55300E3CE37 /* PersonViewController.swift in Sources */,
				D9E53C6A22604E1900795B7B /* WebCollector.swift in Sources */,
				D9E53C6B22604E1900795B7B /* Event.swift in Sources */,
				9E070447226942B000594FE5 /* MainCalendarViewController.swift in Sources */,
				9E07044B2269446300594FE5 /* AboutPageViewController.swift in Sources */,
			);
			runOnlyForDeploymentPostprocessing = 0;
		};
/* End PBXSourcesBuildPhase section */

/* Begin PBXVariantGroup section */
		D9E53C5522604BF900795B7B /* Main.storyboard */ = {
			isa = PBXVariantGroup;
			children = (
				D9E53C5622604BF900795B7B /* Base */,
			);
			name = Main.storyboard;
			sourceTree = "<group>";
		};
		D9E53C5D22604BFA00795B7B /* LaunchScreen.storyboard */ = {
			isa = PBXVariantGroup;
			children = (
				D9E53C5E22604BFA00795B7B /* Base */,
			);
			name = LaunchScreen.storyboard;
			sourceTree = "<group>";
		};
/* End PBXVariantGroup section */

/* Begin XCBuildConfiguration section */
		D9E53C6122604BFA00795B7B /* Debug */ = {
			isa = XCBuildConfiguration;
			buildSettings = {
				ALWAYS_SEARCH_USER_PATHS = NO;
				CLANG_ANALYZER_NONNULL = YES;
				CLANG_ANALYZER_NUMBER_OBJECT_CONVERSION = YES_AGGRESSIVE;
				CLANG_CXX_LANGUAGE_STANDARD = "gnu++14";
				CLANG_CXX_LIBRARY = "libc++";
				CLANG_ENABLE_MODULES = YES;
				CLANG_ENABLE_OBJC_ARC = YES;
				CLANG_ENABLE_OBJC_WEAK = YES;
				CLANG_WARN_BLOCK_CAPTURE_AUTORELEASING = YES;
				CLANG_WARN_BOOL_CONVERSION = YES;
				CLANG_WARN_COMMA = YES;
				CLANG_WARN_CONSTANT_CONVERSION = YES;
				CLANG_WARN_DEPRECATED_OBJC_IMPLEMENTATIONS = YES;
				CLANG_WARN_DIRECT_OBJC_ISA_USAGE = YES_ERROR;
				CLANG_WARN_DOCUMENTATION_COMMENTS = YES;
				CLANG_WARN_EMPTY_BODY = YES;
				CLANG_WARN_ENUM_CONVERSION = YES;
				CLANG_WARN_INFINITE_RECURSION = YES;
				CLANG_WARN_INT_CONVERSION = YES;
				CLANG_WARN_NON_LITERAL_NULL_CONVERSION = YES;
				CLANG_WARN_OBJC_IMPLICIT_RETAIN_SELF = YES;
				CLANG_WARN_OBJC_LITERAL_CONVERSION = YES;
				CLANG_WARN_OBJC_ROOT_CLASS = YES_ERROR;
				CLANG_WARN_RANGE_LOOP_ANALYSIS = YES;
				CLANG_WARN_STRICT_PROTOTYPES = YES;
				CLANG_WARN_SUSPICIOUS_MOVE = YES;
				CLANG_WARN_UNGUARDED_AVAILABILITY = YES_AGGRESSIVE;
				CLANG_WARN_UNREACHABLE_CODE = YES;
				CLANG_WARN__DUPLICATE_METHOD_MATCH = YES;
				CODE_SIGN_IDENTITY = "iPhone Developer";
				COPY_PHASE_STRIP = NO;
				DEBUG_INFORMATION_FORMAT = dwarf;
				ENABLE_STRICT_OBJC_MSGSEND = YES;
				ENABLE_TESTABILITY = YES;
				GCC_C_LANGUAGE_STANDARD = gnu11;
				GCC_DYNAMIC_NO_PIC = NO;
				GCC_NO_COMMON_BLOCKS = YES;
				GCC_OPTIMIZATION_LEVEL = 0;
				GCC_PREPROCESSOR_DEFINITIONS = (
					"DEBUG=1",
					"$(inherited)",
				);
				GCC_WARN_64_TO_32_BIT_CONVERSION = YES;
				GCC_WARN_ABOUT_RETURN_TYPE = YES_ERROR;
				GCC_WARN_UNDECLARED_SELECTOR = YES;
				GCC_WARN_UNINITIALIZED_AUTOS = YES_AGGRESSIVE;
				GCC_WARN_UNUSED_FUNCTION = YES;
				GCC_WARN_UNUSED_VARIABLE = YES;
				IPHONEOS_DEPLOYMENT_TARGET = 12.2;
				MTL_ENABLE_DEBUG_INFO = INCLUDE_SOURCE;
				MTL_FAST_MATH = YES;
				ONLY_ACTIVE_ARCH = YES;
				SDKROOT = iphoneos;
				SWIFT_ACTIVE_COMPILATION_CONDITIONS = DEBUG;
				SWIFT_OPTIMIZATION_LEVEL = "-Onone";
			};
			name = Debug;
		};
		D9E53C6222604BFA00795B7B /* Release */ = {
			isa = XCBuildConfiguration;
			buildSettings = {
				ALWAYS_SEARCH_USER_PATHS = NO;
				CLANG_ANALYZER_NONNULL = YES;
				CLANG_ANALYZER_NUMBER_OBJECT_CONVERSION = YES_AGGRESSIVE;
				CLANG_CXX_LANGUAGE_STANDARD = "gnu++14";
				CLANG_CXX_LIBRARY = "libc++";
				CLANG_ENABLE_MODULES = YES;
				CLANG_ENABLE_OBJC_ARC = YES;
				CLANG_ENABLE_OBJC_WEAK = YES;
				CLANG_WARN_BLOCK_CAPTURE_AUTORELEASING = YES;
				CLANG_WARN_BOOL_CONVERSION = YES;
				CLANG_WARN_COMMA = YES;
				CLANG_WARN_CONSTANT_CONVERSION = YES;
				CLANG_WARN_DEPRECATED_OBJC_IMPLEMENTATIONS = YES;
				CLANG_WARN_DIRECT_OBJC_ISA_USAGE = YES_ERROR;
				CLANG_WARN_DOCUMENTATION_COMMENTS = YES;
				CLANG_WARN_EMPTY_BODY = YES;
				CLANG_WARN_ENUM_CONVERSION = YES;
				CLANG_WARN_INFINITE_RECURSION = YES;
				CLANG_WARN_INT_CONVERSION = YES;
				CLANG_WARN_NON_LITERAL_NULL_CONVERSION = YES;
				CLANG_WARN_OBJC_IMPLICIT_RETAIN_SELF = YES;
				CLANG_WARN_OBJC_LITERAL_CONVERSION = YES;
				CLANG_WARN_OBJC_ROOT_CLASS = YES_ERROR;
				CLANG_WARN_RANGE_LOOP_ANALYSIS = YES;
				CLANG_WARN_STRICT_PROTOTYPES = YES;
				CLANG_WARN_SUSPICIOUS_MOVE = YES;
				CLANG_WARN_UNGUARDED_AVAILABILITY = YES_AGGRESSIVE;
				CLANG_WARN_UNREACHABLE_CODE = YES;
				CLANG_WARN__DUPLICATE_METHOD_MATCH = YES;
				CODE_SIGN_IDENTITY = "iPhone Developer";
				COPY_PHASE_STRIP = NO;
				DEBUG_INFORMATION_FORMAT = "dwarf-with-dsym";
				ENABLE_NS_ASSERTIONS = NO;
				ENABLE_STRICT_OBJC_MSGSEND = YES;
				GCC_C_LANGUAGE_STANDARD = gnu11;
				GCC_NO_COMMON_BLOCKS = YES;
				GCC_WARN_64_TO_32_BIT_CONVERSION = YES;
				GCC_WARN_ABOUT_RETURN_TYPE = YES_ERROR;
				GCC_WARN_UNDECLARED_SELECTOR = YES;
				GCC_WARN_UNINITIALIZED_AUTOS = YES_AGGRESSIVE;
				GCC_WARN_UNUSED_FUNCTION = YES;
				GCC_WARN_UNUSED_VARIABLE = YES;
				IPHONEOS_DEPLOYMENT_TARGET = 12.2;
				MTL_ENABLE_DEBUG_INFO = NO;
				MTL_FAST_MATH = YES;
				SDKROOT = iphoneos;
				SWIFT_COMPILATION_MODE = wholemodule;
				SWIFT_OPTIMIZATION_LEVEL = "-O";
				VALIDATE_PRODUCT = YES;
			};
			name = Release;
		};
		D9E53C6422604BFA00795B7B /* Debug */ = {
			isa = XCBuildConfiguration;
			baseConfigurationReference = 75356C9736EAA64AEAB82964 /* Pods-Cal Now.debug.xcconfig */;
			buildSettings = {
				ASSETCATALOG_COMPILER_APPICON_NAME = AppIcon;
				CODE_SIGN_STYLE = Automatic;
				DEVELOPMENT_TEAM = YGTW446LDT;
				INFOPLIST_FILE = "Cal Now/Info.plist";
				LD_RUNPATH_SEARCH_PATHS = (
					"$(inherited)",
					"@executable_path/Frameworks",
				);
				PRODUCT_BUNDLE_IDENTIFIER = com.DarkeFisher.CalNow;
				PRODUCT_NAME = "$(TARGET_NAME)";
				SWIFT_VERSION = 5.0;
				TARGETED_DEVICE_FAMILY = "1,2";
			};
			name = Debug;
		};
		D9E53C6522604BFA00795B7B /* Release */ = {
			isa = XCBuildConfiguration;
			baseConfigurationReference = 3B7D2FC541A12404A200779A /* Pods-Cal Now.release.xcconfig */;
			buildSettings = {
				ASSETCATALOG_COMPILER_APPICON_NAME = AppIcon;
				CODE_SIGN_STYLE = Automatic;
				DEVELOPMENT_TEAM = YGTW446LDT;
				INFOPLIST_FILE = "Cal Now/Info.plist";
				LD_RUNPATH_SEARCH_PATHS = (
					"$(inherited)",
					"@executable_path/Frameworks",
				);
				PRODUCT_BUNDLE_IDENTIFIER = com.DarkeFisher.CalNow;
				PRODUCT_NAME = "$(TARGET_NAME)";
				SWIFT_VERSION = 5.0;
				TARGETED_DEVICE_FAMILY = "1,2";
			};
			name = Release;
		};
/* End XCBuildConfiguration section */

/* Begin XCConfigurationList section */
		D9E53C4922604BF900795B7B /* Build configuration list for PBXProject "Cal Now" */ = {
			isa = XCConfigurationList;
			buildConfigurations = (
				D9E53C6122604BFA00795B7B /* Debug */,
				D9E53C6222604BFA00795B7B /* Release */,
			);
			defaultConfigurationIsVisible = 0;
			defaultConfigurationName = Release;
		};
		D9E53C6322604BFA00795B7B /* Build configuration list for PBXNativeTarget "Cal Now" */ = {
			isa = XCConfigurationList;
			buildConfigurations = (
				D9E53C6422604BFA00795B7B /* Debug */,
				D9E53C6522604BFA00795B7B /* Release */,
			);
			defaultConfigurationIsVisible = 0;
			defaultConfigurationName = Release;
		};
/* End XCConfigurationList section */

/* Begin XCVersionGroup section */
		D9E53C5822604BF900795B7B /* Cal_Now.xcdatamodeld */ = {
			isa = XCVersionGroup;
			children = (
				D9E53C5922604BF900795B7B /* Cal_Now.xcdatamodel */,
			);
			currentVersion = D9E53C5922604BF900795B7B /* Cal_Now.xcdatamodel */;
			path = Cal_Now.xcdatamodeld;
			sourceTree = "<group>";
			versionGroupType = wrapper.xcdatamodel;
		};
/* End XCVersionGroup section */
	};
	rootObject = D9E53C4622604BF900795B7B /* Project object */;
}
